
Microsoft Visual Studio Solution File, Format Version 12.00
Project("{FAE04EC0-301F-11D3-BF4B-00C04F79EFBC}") = "Los Heroes", "Los Heroes\Los Heroes.csproj", "{169E7D32-D105-47F3-852D-BA6354C4398F}"
EndProject
Global
	GlobalSection(SolutionConfigurationPlatforms) = preSolution
		Debug|Any CPU = Debug|Any CPU
		Release|Any CPU = Release|Any CPU
	EndGlobalSection
	GlobalSection(ProjectConfigurationPlatforms) = postSolution
		{169E7D32-D105-47F3-852D-BA6354C4398F}.Debug|Any CPU.ActiveCfg = Debug|Any CPU
		{169E7D32-D105-47F3-852D-BA6354C4398F}.Debug|Any CPU.Build.0 = Debug|Any CPU
		{169E7D32-D105-47F3-852D-BA6354C4398F}.Release|Any CPU.ActiveCfg = Release|Any CPU
		{169E7D32-D105-47F3-852D-BA6354C4398F}.Release|Any CPU.Build.0 = Release|Any CPU
	EndGlobalSection
EndGlobal
